// !$*UTF8*$!
{
	archiveVersion = 1;
	classes = {
	};
	objectVersion = 55;
	objects = {

/* Begin PBXBuildFile section */
		6C30CEC22874576700B77493 /* AppDelegate.swift in Sources */ = {isa = PBXBuildFile; fileRef = 6C30CEC12874576700B77493 /* AppDelegate.swift */; };
		6C30CEC42874576700B77493 /* SceneDelegate.swift in Sources */ = {isa = PBXBuildFile; fileRef = 6C30CEC32874576700B77493 /* SceneDelegate.swift */; };
		6C30CEC62874576700B77493 /* FeaturedViewController.swift in Sources */ = {isa = PBXBuildFile; fileRef = 6C30CEC52874576700B77493 /* FeaturedViewController.swift */; };
		6C30CEC92874576700B77493 /* Main.storyboard in Resources */ = {isa = PBXBuildFile; fileRef = 6C30CEC72874576700B77493 /* Main.storyboard */; };
		6C30CECB2874576800B77493 /* Assets.xcassets in Resources */ = {isa = PBXBuildFile; fileRef = 6C30CECA2874576800B77493 /* Assets.xcassets */; };
		6C30CECE2874576800B77493 /* LaunchScreen.storyboard in Resources */ = {isa = PBXBuildFile; fileRef = 6C30CECC2874576800B77493 /* LaunchScreen.storyboard */; };
		6C30CED6287C475400B77493 /* PopularCollectionViewCell.swift in Sources */ = {isa = PBXBuildFile; fileRef = 6C30CED5287C475400B77493 /* PopularCollectionViewCell.swift */; };
		6C30CED9287C478E00B77493 /* NowPlayingCollectionViewCell.swift in Sources */ = {isa = PBXBuildFile; fileRef = 6C30CED8287C478E00B77493 /* NowPlayingCollectionViewCell.swift */; };
		6C30CEE6287DA4D800B77493 /* Movie+NowPlaying.swift in Sources */ = {isa = PBXBuildFile; fileRef = 6C30CEE1287DA4D800B77493 /* Movie+NowPlaying.swift */; };
		6C30CEE7287DA4D800B77493 /* Movie+TrendingThisWeek.swift in Sources */ = {isa = PBXBuildFile; fileRef = 6C30CEE2287DA4D800B77493 /* Movie+TrendingThisWeek.swift */; };
		6C30CEE8287DA4D800B77493 /* Movie+Popular.swift in Sources */ = {isa = PBXBuildFile; fileRef = 6C30CEE3287DA4D800B77493 /* Movie+Popular.swift */; };
		6C30CEE9287DA4D800B77493 /* Movie+TrendingToday.swift in Sources */ = {isa = PBXBuildFile; fileRef = 6C30CEE4287DA4D800B77493 /* Movie+TrendingToday.swift */; };
		6C30CEEA287DA4D800B77493 /* Movie+Upcoming.swift in Sources */ = {isa = PBXBuildFile; fileRef = 6C30CEE5287DA4D800B77493 /* Movie+Upcoming.swift */; };
		6C30CEEC287DA58D00B77493 /* Movie.swift in Sources */ = {isa = PBXBuildFile; fileRef = 6C30CEEB287DA58D00B77493 /* Movie.swift */; };
		6C30CEEE287DC16200B77493 /* FeaturedViewController+UICollectionViewDataSource.swift in Sources */ = {isa = PBXBuildFile; fileRef = 6C30CEED287DC16200B77493 /* FeaturedViewController+UICollectionViewDataSource.swift */; };
		6C30CEF0287EF21800B77493 /* DetailsViewController.swift in Sources */ = {isa = PBXBuildFile; fileRef = 6C30CEEF287EF21800B77493 /* DetailsViewController.swift */; };
		6C30CEF2287EF4A300B77493 /* FeaturedViewController+UICollectionViewDelegate.swift in Sources */ = {isa = PBXBuildFile; fileRef = 6C30CEF1287EF4A300B77493 /* FeaturedViewController+UICollectionViewDelegate.swift */; };
		6C30CEF4287F94D400B77493 /* UpcomingCollectionViewCell.swift in Sources */ = {isa = PBXBuildFile; fileRef = 6C30CEF3287F94D400B77493 /* UpcomingCollectionViewCell.swift */; };
		6C30CEF828819DB300B77493 /* Movie+API.swift in Sources */ = {isa = PBXBuildFile; fileRef = 6C30CEF728819DB300B77493 /* Movie+API.swift */; };
		6C30CEFA2881AE9600B77493 /* MovieResponse.swift in Sources */ = {isa = PBXBuildFile; fileRef = 6C30CEF92881AE9600B77493 /* MovieResponse.swift */; };
		6C30CEFC2881B4A100B77493 /* TMDB-Info.plist in Resources */ = {isa = PBXBuildFile; fileRef = 6C30CEFB2881B4A100B77493 /* TMDB-Info.plist */; };
/* End PBXBuildFile section */

/* Begin PBXFileReference section */
		6C30CEBE2874576700B77493 /* Cinefile.app */ = {isa = PBXFileReference; explicitFileType = wrapper.application; includeInIndex = 0; path = Cinefile.app; sourceTree = BUILT_PRODUCTS_DIR; };
		6C30CEC12874576700B77493 /* AppDelegate.swift */ = {isa = PBXFileReference; lastKnownFileType = sourcecode.swift; path = AppDelegate.swift; sourceTree = "<group>"; };
		6C30CEC32874576700B77493 /* SceneDelegate.swift */ = {isa = PBXFileReference; lastKnownFileType = sourcecode.swift; path = SceneDelegate.swift; sourceTree = "<group>"; };
		6C30CEC52874576700B77493 /* FeaturedViewController.swift */ = {isa = PBXFileReference; lastKnownFileType = sourcecode.swift; path = FeaturedViewController.swift; sourceTree = "<group>"; };
		6C30CEC82874576700B77493 /* Base */ = {isa = PBXFileReference; lastKnownFileType = file.storyboard; name = Base; path = Base.lproj/Main.storyboard; sourceTree = "<group>"; };
		6C30CECA2874576800B77493 /* Assets.xcassets */ = {isa = PBXFileReference; lastKnownFileType = folder.assetcatalog; path = Assets.xcassets; sourceTree = "<group>"; };
		6C30CECD2874576800B77493 /* Base */ = {isa = PBXFileReference; lastKnownFileType = file.storyboard; name = Base; path = Base.lproj/LaunchScreen.storyboard; sourceTree = "<group>"; };
		6C30CECF2874576800B77493 /* Info.plist */ = {isa = PBXFileReference; lastKnownFileType = text.plist.xml; path = Info.plist; sourceTree = "<group>"; };
		6C30CED5287C475400B77493 /* PopularCollectionViewCell.swift */ = {isa = PBXFileReference; lastKnownFileType = sourcecode.swift; path = PopularCollectionViewCell.swift; sourceTree = "<group>"; };
		6C30CED8287C478E00B77493 /* NowPlayingCollectionViewCell.swift */ = {isa = PBXFileReference; lastKnownFileType = sourcecode.swift; path = NowPlayingCollectionViewCell.swift; sourceTree = "<group>"; };
		6C30CEE1287DA4D800B77493 /* Movie+NowPlaying.swift */ = {isa = PBXFileReference; fileEncoding = 4; lastKnownFileType = sourcecode.swift; path = "Movie+NowPlaying.swift"; sourceTree = "<group>"; };
		6C30CEE2287DA4D800B77493 /* Movie+TrendingThisWeek.swift */ = {isa = PBXFileReference; fileEncoding = 4; lastKnownFileType = sourcecode.swift; path = "Movie+TrendingThisWeek.swift"; sourceTree = "<group>"; };
		6C30CEE3287DA4D800B77493 /* Movie+Popular.swift */ = {isa = PBXFileReference; fileEncoding = 4; lastKnownFileType = sourcecode.swift; path = "Movie+Popular.swift"; sourceTree = "<group>"; };
		6C30CEE4287DA4D800B77493 /* Movie+TrendingToday.swift */ = {isa = PBXFileReference; fileEncoding = 4; lastKnownFileType = sourcecode.swift; path = "Movie+TrendingToday.swift"; sourceTree = "<group>"; };
		6C30CEE5287DA4D800B77493 /* Movie+Upcoming.swift */ = {isa = PBXFileReference; fileEncoding = 4; lastKnownFileType = sourcecode.swift; path = "Movie+Upcoming.swift"; sourceTree = "<group>"; };
		6C30CEEB287DA58D00B77493 /* Movie.swift */ = {isa = PBXFileReference; lastKnownFileType = sourcecode.swift; path = Movie.swift; sourceTree = "<group>"; };
		6C30CEED287DC16200B77493 /* FeaturedViewController+UICollectionViewDataSource.swift */ = {isa = PBXFileReference; lastKnownFileType = sourcecode.swift; path = "FeaturedViewController+UICollectionViewDataSource.swift"; sourceTree = "<group>"; };
		6C30CEEF287EF21800B77493 /* DetailsViewController.swift */ = {isa = PBXFileReference; lastKnownFileType = sourcecode.swift; path = DetailsViewController.swift; sourceTree = "<group>"; };
		6C30CEF1287EF4A300B77493 /* FeaturedViewController+UICollectionViewDelegate.swift */ = {isa = PBXFileReference; lastKnownFileType = sourcecode.swift; path = "FeaturedViewController+UICollectionViewDelegate.swift"; sourceTree = "<group>"; };
		6C30CEF3287F94D400B77493 /* UpcomingCollectionViewCell.swift */ = {isa = PBXFileReference; lastKnownFileType = sourcecode.swift; path = UpcomingCollectionViewCell.swift; sourceTree = "<group>"; };
		6C30CEF728819DB300B77493 /* Movie+API.swift */ = {isa = PBXFileReference; fileEncoding = 4; lastKnownFileType = sourcecode.swift; path = "Movie+API.swift"; sourceTree = "<group>"; };
		6C30CEF92881AE9600B77493 /* MovieResponse.swift */ = {isa = PBXFileReference; lastKnownFileType = sourcecode.swift; path = MovieResponse.swift; sourceTree = "<group>"; };
		6C30CEFB2881B4A100B77493 /* TMDB-Info.plist */ = {isa = PBXFileReference; fileEncoding = 4; lastKnownFileType = text.plist.xml; path = "TMDB-Info.plist"; sourceTree = "<group>"; };
/* End PBXFileReference section */

/* Begin PBXFrameworksBuildPhase section */
		6C30CEBB2874576700B77493 /* Frameworks */ = {
			isa = PBXFrameworksBuildPhase;
			buildActionMask = 2147483647;
			files = (
			);
			runOnlyForDeploymentPostprocessing = 0;
		};
/* End PBXFrameworksBuildPhase section */

/* Begin PBXGroup section */
		6C30CEB52874576700B77493 = {
			isa = PBXGroup;
			children = (
				6C30CEC02874576700B77493 /* Cinefile */,
				6C30CEBF2874576700B77493 /* Products */,
			);
			sourceTree = "<group>";
		};
		6C30CEBF2874576700B77493 /* Products */ = {
			isa = PBXGroup;
			children = (
				6C30CEBE2874576700B77493 /* Cinefile.app */,
			);
			name = Products;
			sourceTree = "<group>";
		};
		6C30CEC02874576700B77493 /* Cinefile */ = {
			isa = PBXGroup;
			children = (
				6C30CEC12874576700B77493 /* AppDelegate.swift */,
				6C30CEC32874576700B77493 /* SceneDelegate.swift */,
				6C30CEDB287C48A300B77493 /* SupportingFiles */,
				6C30CED7287C475E00B77493 /* View */,
				6C30CEDE287D960400B77493 /* Model */,
				6C30CEDA287C479600B77493 /* Controller */,
			);
			path = Cinefile;
			sourceTree = "<group>";
		};
		6C30CED7287C475E00B77493 /* View */ = {
			isa = PBXGroup;
			children = (
				6C30CECC2874576800B77493 /* LaunchScreen.storyboard */,
				6C30CEC72874576700B77493 /* Main.storyboard */,
				6C30CED5287C475400B77493 /* PopularCollectionViewCell.swift */,
				6C30CED8287C478E00B77493 /* NowPlayingCollectionViewCell.swift */,
				6C30CEF3287F94D400B77493 /* UpcomingCollectionViewCell.swift */,
			);
			path = View;
			sourceTree = "<group>";
		};
		6C30CEDA287C479600B77493 /* Controller */ = {
			isa = PBXGroup;
			children = (
				6C30CEC52874576700B77493 /* FeaturedViewController.swift */,
				6C30CEED287DC16200B77493 /* FeaturedViewController+UICollectionViewDataSource.swift */,
				6C30CEF1287EF4A300B77493 /* FeaturedViewController+UICollectionViewDelegate.swift */,
				6C30CEEF287EF21800B77493 /* DetailsViewController.swift */,
			);
			path = Controller;
			sourceTree = "<group>";
		};
		6C30CEDB287C48A300B77493 /* SupportingFiles */ = {
			isa = PBXGroup;
			children = (
				6C30CECA2874576800B77493 /* Assets.xcassets */,
				6C30CECF2874576800B77493 /* Info.plist */,
				6C30CEFB2881B4A100B77493 /* TMDB-Info.plist */,
			);
			name = SupportingFiles;
			sourceTree = "<group>";
		};
		6C30CEDE287D960400B77493 /* Model */ = {
			isa = PBXGroup;
			children = (
				6C30CEEB287DA58D00B77493 /* Movie.swift */,
				6C30CEF728819DB300B77493 /* Movie+API.swift */,
				6C30CEE1287DA4D800B77493 /* Movie+NowPlaying.swift */,
				6C30CEE3287DA4D800B77493 /* Movie+Popular.swift */,
				6C30CEE2287DA4D800B77493 /* Movie+TrendingThisWeek.swift */,
				6C30CEE4287DA4D800B77493 /* Movie+TrendingToday.swift */,
				6C30CEE5287DA4D800B77493 /* Movie+Upcoming.swift */,
				6C30CEF92881AE9600B77493 /* MovieResponse.swift */,
			);
			path = Model;
			sourceTree = "<group>";
		};
/* End PBXGroup section */

/* Begin PBXNativeTarget section */
		6C30CEBD2874576700B77493 /* Cinefile */ = {
			isa = PBXNativeTarget;
			buildConfigurationList = 6C30CED22874576800B77493 /* Build configuration list for PBXNativeTarget "Cinefile" */;
			buildPhases = (
				6C30CEBA2874576700B77493 /* Sources */,
				6C30CEBB2874576700B77493 /* Frameworks */,
				6C30CEBC2874576700B77493 /* Resources */,
			);
			buildRules = (
			);
			dependencies = (
			);
			name = Cinefile;
			productName = Cinefile;
			productReference = 6C30CEBE2874576700B77493 /* Cinefile.app */;
			productType = "com.apple.product-type.application";
		};
/* End PBXNativeTarget section */

/* Begin PBXProject section */
		6C30CEB62874576700B77493 /* Project object */ = {
			isa = PBXProject;
			attributes = {
				BuildIndependentTargetsInParallel = 1;
				LastSwiftUpdateCheck = 1320;
				LastUpgradeCheck = 1320;
				TargetAttributes = {
					6C30CEBD2874576700B77493 = {
						CreatedOnToolsVersion = 13.2.1;
					};
				};
			};
			buildConfigurationList = 6C30CEB92874576700B77493 /* Build configuration list for PBXProject "Cinefile" */;
			compatibilityVersion = "Xcode 13.0";
			developmentRegion = en;
			hasScannedForEncodings = 0;
			knownRegions = (
				en,
				Base,
			);
			mainGroup = 6C30CEB52874576700B77493;
			productRefGroup = 6C30CEBF2874576700B77493 /* Products */;
			projectDirPath = "";
			projectRoot = "";
			targets = (
				6C30CEBD2874576700B77493 /* Cinefile */,
			);
		};
/* End PBXProject section */

/* Begin PBXResourcesBuildPhase section */
		6C30CEBC2874576700B77493 /* Resources */ = {
			isa = PBXResourcesBuildPhase;
			buildActionMask = 2147483647;
			files = (
				6C30CECE2874576800B77493 /* LaunchScreen.storyboard in Resources */,
				6C30CEFC2881B4A100B77493 /* TMDB-Info.plist in Resources */,
				6C30CECB2874576800B77493 /* Assets.xcassets in Resources */,
				6C30CEC92874576700B77493 /* Main.storyboard in Resources */,
			);
			runOnlyForDeploymentPostprocessing = 0;
		};
/* End PBXResourcesBuildPhase section */

/* Begin PBXSourcesBuildPhase section */
		6C30CEBA2874576700B77493 /* Sources */ = {
			isa = PBXSourcesBuildPhase;
			buildActionMask = 2147483647;
			files = (
				6C30CED9287C478E00B77493 /* NowPlayingCollectionViewCell.swift in Sources */,
				6C30CEE9287DA4D800B77493 /* Movie+TrendingToday.swift in Sources */,
				6C30CEE7287DA4D800B77493 /* Movie+TrendingThisWeek.swift in Sources */,
				6C30CEEA287DA4D800B77493 /* Movie+Upcoming.swift in Sources */,
				6C30CEEE287DC16200B77493 /* FeaturedViewController+UICollectionViewDataSource.swift in Sources */,
				6C30CEE8287DA4D800B77493 /* Movie+Popular.swift in Sources */,
				6C30CED6287C475400B77493 /* PopularCollectionViewCell.swift in Sources */,
				6C30CEC62874576700B77493 /* FeaturedViewController.swift in Sources */,
				6C30CEF2287EF4A300B77493 /* FeaturedViewController+UICollectionViewDelegate.swift in Sources */,
				6C30CEF4287F94D400B77493 /* UpcomingCollectionViewCell.swift in Sources */,
				6C30CEC22874576700B77493 /* AppDelegate.swift in Sources */,
				6C30CEE6287DA4D800B77493 /* Movie+NowPlaying.swift in Sources */,
				6C30CEEC287DA58D00B77493 /* Movie.swift in Sources */,
				6C30CEFA2881AE9600B77493 /* MovieResponse.swift in Sources */,
				6C30CEF0287EF21800B77493 /* DetailsViewController.swift in Sources */,
				6C30CEC42874576700B77493 /* SceneDelegate.swift in Sources */,
				6C30CEF828819DB300B77493 /* Movie+API.swift in Sources */,
			);
			runOnlyForDeploymentPostprocessing = 0;
		};
/* End PBXSourcesBuildPhase section */

/* Begin PBXVariantGroup section */
		6C30CEC72874576700B77493 /* Main.storyboard */ = {
			isa = PBXVariantGroup;
			children = (
				6C30CEC82874576700B77493 /* Base */,
			);
			name = Main.storyboard;
			sourceTree = "<group>";
		};
		6C30CECC2874576800B77493 /* LaunchScreen.storyboard */ = {
			isa = PBXVariantGroup;
			children = (
				6C30CECD2874576800B77493 /* Base */,
			);
			name = LaunchScreen.storyboard;
			sourceTree = "<group>";
		};
/* End PBXVariantGroup section */

/* Begin XCBuildConfiguration section */
		6C30CED02874576800B77493 /* Debug */ = {
			isa = XCBuildConfiguration;
			buildSettings = {
				ALWAYS_SEARCH_USER_PATHS = NO;
				CLANG_ANALYZER_NONNULL = YES;
				CLANG_ANALYZER_NUMBER_OBJECT_CONVERSION = YES_AGGRESSIVE;
				CLANG_CXX_LANGUAGE_STANDARD = "gnu++17";
				CLANG_CXX_LIBRARY = "libc++";
				CLANG_ENABLE_MODULES = YES;
				CLANG_ENABLE_OBJC_ARC = YES;
				CLANG_ENABLE_OBJC_WEAK = YES;
				CLANG_WARN_BLOCK_CAPTURE_AUTORELEASING = YES;
				CLANG_WARN_BOOL_CONVERSION = YES;
				CLANG_WARN_COMMA = YES;
				CLANG_WARN_CONSTANT_CONVERSION = YES;
				CLANG_WARN_DEPRECATED_OBJC_IMPLEMENTATIONS = YES;
				CLANG_WARN_DIRECT_OBJC_ISA_USAGE = YES_ERROR;
				CLANG_WARN_DOCUMENTATION_COMMENTS = YES;
				CLANG_WARN_EMPTY_BODY = YES;
				CLANG_WARN_ENUM_CONVERSION = YES;
				CLANG_WARN_INFINITE_RECURSION = YES;
				CLANG_WARN_INT_CONVERSION = YES;
				CLANG_WARN_NON_LITERAL_NULL_CONVERSION = YES;
				CLANG_WARN_OBJC_IMPLICIT_RETAIN_SELF = YES;
				CLANG_WARN_OBJC_LITERAL_CONVERSION = YES;
				CLANG_WARN_OBJC_ROOT_CLASS = YES_ERROR;
				CLANG_WARN_QUOTED_INCLUDE_IN_FRAMEWORK_HEADER = YES;
				CLANG_WARN_RANGE_LOOP_ANALYSIS = YES;
				CLANG_WARN_STRICT_PROTOTYPES = YES;
				CLANG_WARN_SUSPICIOUS_MOVE = YES;
				CLANG_WARN_UNGUARDED_AVAILABILITY = YES_AGGRESSIVE;
				CLANG_WARN_UNREACHABLE_CODE = YES;
				CLANG_WARN__DUPLICATE_METHOD_MATCH = YES;
				COPY_PHASE_STRIP = NO;
				DEBUG_INFORMATION_FORMAT = dwarf;
				ENABLE_STRICT_OBJC_MSGSEND = YES;
				ENABLE_TESTABILITY = YES;
				GCC_C_LANGUAGE_STANDARD = gnu11;
				GCC_DYNAMIC_NO_PIC = NO;
				GCC_NO_COMMON_BLOCKS = YES;
				GCC_OPTIMIZATION_LEVEL = 0;
				GCC_PREPROCESSOR_DEFINITIONS = (
					"DEBUG=1",
					"$(inherited)",
				);
				GCC_WARN_64_TO_32_BIT_CONVERSION = YES;
				GCC_WARN_ABOUT_RETURN_TYPE = YES_ERROR;
				GCC_WARN_UNDECLARED_SELECTOR = YES;
				GCC_WARN_UNINITIALIZED_AUTOS = YES_AGGRESSIVE;
				GCC_WARN_UNUSED_FUNCTION = YES;
				GCC_WARN_UNUSED_VARIABLE = YES;
				IPHONEOS_DEPLOYMENT_TARGET = 15.2;
				MTL_ENABLE_DEBUG_INFO = INCLUDE_SOURCE;
				MTL_FAST_MATH = YES;
				ONLY_ACTIVE_ARCH = YES;
				SDKROOT = iphoneos;
				SWIFT_ACTIVE_COMPILATION_CONDITIONS = DEBUG;
				SWIFT_OPTIMIZATION_LEVEL = "-Onone";
			};
			name = Debug;
		};
		6C30CED12874576800B77493 /* Release */ = {
			isa = XCBuildConfiguration;
			buildSettings = {
				ALWAYS_SEARCH_USER_PATHS = NO;
				CLANG_ANALYZER_NONNULL = YES;
				CLANG_ANALYZER_NUMBER_OBJECT_CONVERSION = YES_AGGRESSIVE;
				CLANG_CXX_LANGUAGE_STANDARD = "gnu++17";
				CLANG_CXX_LIBRARY = "libc++";
				CLANG_ENABLE_MODULES = YES;
				CLANG_ENABLE_OBJC_ARC = YES;
				CLANG_ENABLE_OBJC_WEAK = YES;
				CLANG_WARN_BLOCK_CAPTURE_AUTORELEASING = YES;
				CLANG_WARN_BOOL_CONVERSION = YES;
				CLANG_WARN_COMMA = YES;
				CLANG_WARN_CONSTANT_CONVERSION = YES;
				CLANG_WARN_DEPRECATED_OBJC_IMPLEMENTATIONS = YES;
				CLANG_WARN_DIRECT_OBJC_ISA_USAGE = YES_ERROR;
				CLANG_WARN_DOCUMENTATION_COMMENTS = YES;
				CLANG_WARN_EMPTY_BODY = YES;
				CLANG_WARN_ENUM_CONVERSION = YES;
				CLANG_WARN_INFINITE_RECURSION = YES;
				CLANG_WARN_INT_CONVERSION = YES;
				CLANG_WARN_NON_LITERAL_NULL_CONVERSION = YES;
				CLANG_WARN_OBJC_IMPLICIT_RETAIN_SELF = YES;
				CLANG_WARN_OBJC_LITERAL_CONVERSION = YES;
				CLANG_WARN_OBJC_ROOT_CLASS = YES_ERROR;
				CLANG_WARN_QUOTED_INCLUDE_IN_FRAMEWORK_HEADER = YES;
				CLANG_WARN_RANGE_LOOP_ANALYSIS = YES;
				CLANG_WARN_STRICT_PROTOTYPES = YES;
				CLANG_WARN_SUSPICIOUS_MOVE = YES;
				CLANG_WARN_UNGUARDED_AVAILABILITY = YES_AGGRESSIVE;
				CLANG_WARN_UNREACHABLE_CODE = YES;
				CLANG_WARN__DUPLICATE_METHOD_MATCH = YES;
				COPY_PHASE_STRIP = NO;
				DEBUG_INFORMATION_FORMAT = "dwarf-with-dsym";
				ENABLE_NS_ASSERTIONS = NO;
				ENABLE_STRICT_OBJC_MSGSEND = YES;
				GCC_C_LANGUAGE_STANDARD = gnu11;
				GCC_NO_COMMON_BLOCKS = YES;
				GCC_WARN_64_TO_32_BIT_CONVERSION = YES;
				GCC_WARN_ABOUT_RETURN_TYPE = YES_ERROR;
				GCC_WARN_UNDECLARED_SELECTOR = YES;
				GCC_WARN_UNINITIALIZED_AUTOS = YES_AGGRESSIVE;
				GCC_WARN_UNUSED_FUNCTION = YES;
				GCC_WARN_UNUSED_VARIABLE = YES;
				IPHONEOS_DEPLOYMENT_TARGET = 15.2;
				MTL_ENABLE_DEBUG_INFO = NO;
				MTL_FAST_MATH = YES;
				SDKROOT = iphoneos;
				SWIFT_COMPILATION_MODE = wholemodule;
				SWIFT_OPTIMIZATION_LEVEL = "-O";
				VALIDATE_PRODUCT = YES;
			};
			name = Release;
		};
		6C30CED32874576800B77493 /* Debug */ = {
			isa = XCBuildConfiguration;
			buildSettings = {
				ASSETCATALOG_COMPILER_APPICON_NAME = AppIcon;
				ASSETCATALOG_COMPILER_GLOBAL_ACCENT_COLOR_NAME = AccentColor;
				CODE_SIGN_STYLE = Automatic;
				CURRENT_PROJECT_VERSION = 1;
				DEVELOPMENT_TEAM = C5CA8XQ4HG;
				GENERATE_INFOPLIST_FILE = YES;
				INFOPLIST_FILE = Cinefile/Info.plist;
				INFOPLIST_KEY_UIApplicationSupportsIndirectInputEvents = YES;
				INFOPLIST_KEY_UILaunchStoryboardName = LaunchScreen;
				INFOPLIST_KEY_UIMainStoryboardFile = Main;
				INFOPLIST_KEY_UISupportedInterfaceOrientations_iPad = "UIInterfaceOrientationPortrait UIInterfaceOrientationPortraitUpsideDown UIInterfaceOrientationLandscapeLeft UIInterfaceOrientationLandscapeRight";
				INFOPLIST_KEY_UISupportedInterfaceOrientations_iPhone = "UIInterfaceOrientationPortrait UIInterfaceOrientationLandscapeLeft UIInterfaceOrientationLandscapeRight";
				LD_RUNPATH_SEARCH_PATHS = (
					"$(inherited)",
					"@executable_path/Frameworks",
				);
				MARKETING_VERSION = 1.0;
				PRODUCT_BUNDLE_IDENTIFIER = br.ufpe.cin.academy.Cinefile;
				PRODUCT_NAME = "$(TARGET_NAME)";
				SWIFT_EMIT_LOC_STRINGS = YES;
				SWIFT_VERSION = 5.0;
				TARGETED_DEVICE_FAMILY = "1,2";
			};
			name = Debug;
		};
		6C30CED42874576800B77493 /* Release */ = {
			isa = XCBuildConfiguration;
			buildSettings = {
				ASSETCATALOG_COMPILER_APPICON_NAME = AppIcon;
				ASSETCATALOG_COMPILER_GLOBAL_ACCENT_COLOR_NAME = AccentColor;
				CODE_SIGN_STYLE = Automatic;
				CURRENT_PROJECT_VERSION = 1;
				DEVELOPMENT_TEAM = C5CA8XQ4HG;
				GENERATE_INFOPLIST_FILE = YES;
				INFOPLIST_FILE = Cinefile/Info.plist;
				INFOPLIST_KEY_UIApplicationSupportsIndirectInputEvents = YES;
				INFOPLIST_KEY_UILaunchStoryboardName = LaunchScreen;
				INFOPLIST_KEY_UIMainStoryboardFile = Main;
				INFOPLIST_KEY_UISupportedInterfaceOrientations_iPad = "UIInterfaceOrientationPortrait UIInterfaceOrientationPortraitUpsideDown UIInterfaceOrientationLandscapeLeft UIInterfaceOrientationLandscapeRight";
				INFOPLIST_KEY_UISupportedInterfaceOrientations_iPhone = "UIInterfaceOrientationPortrait UIInterfaceOrientationLandscapeLeft UIInterfaceOrientationLandscapeRight";
				LD_RUNPATH_SEARCH_PATHS = (
					"$(inherited)",
					"@executable_path/Frameworks",
				);
				MARKETING_VERSION = 1.0;
				PRODUCT_BUNDLE_IDENTIFIER = br.ufpe.cin.academy.Cinefile;
				PRODUCT_NAME = "$(TARGET_NAME)";
				SWIFT_EMIT_LOC_STRINGS = YES;
				SWIFT_VERSION = 5.0;
				TARGETED_DEVICE_FAMILY = "1,2";
			};
			name = Release;
		};
/* End XCBuildConfiguration section */

/* Begin XCConfigurationList section */
		6C30CEB92874576700B77493 /* Build configuration list for PBXProject "Cinefile" */ = {
			isa = XCConfigurationList;
			buildConfigurations = (
				6C30CED02874576800B77493 /* Debug */,
				6C30CED12874576800B77493 /* Release */,
			);
			defaultConfigurationIsVisible = 0;
			defaultConfigurationName = Release;
		};
		6C30CED22874576800B77493 /* Build configuration list for PBXNativeTarget "Cinefile" */ = {
			isa = XCConfigurationList;
			buildConfigurations = (
				6C30CED32874576800B77493 /* Debug */,
				6C30CED42874576800B77493 /* Release */,
			);
			defaultConfigurationIsVisible = 0;
			defaultConfigurationName = Release;
		};
/* End XCConfigurationList section */
	};
	rootObject = 6C30CEB62874576700B77493 /* Project object */;
}
